// !$*UTF8*$!
{
	archiveVersion = 1;
	classes = {
	};
	objectVersion = 77;
	objects = {

/* Begin PBXContainerItemProxy section */
		5CFEE2262E6BD98C006C7968 /* PBXContainerItemProxy */ = {
			isa = PBXContainerItemProxy;
			containerPortal = 5CFEE2102E6BD98A006C7968 /* Project object */;
			proxyType = 1;
			remoteGlobalIDString = 5CFEE2172E6BD98A006C7968;
			remoteInfo = CarnivoreGolf;
		};
		5CFEE2302E6BD98C006C7968 /* PBXContainerItemProxy */ = {
			isa = PBXContainerItemProxy;
			containerPortal = 5CFEE2102E6BD98A006C7968 /* Project object */;
			proxyType = 1;
			remoteGlobalIDString = 5CFEE2172E6BD98A006C7968;
			remoteInfo = CarnivoreGolf;
		};
/* End PBXContainerItemProxy section */

/* Begin PBXFileReference section */
		5CFEE2182E6BD98A006C7968 /* CarnivoreGolf.app */ = {isa = PBXFileReference; explicitFileType = wrapper.application; includeInIndex = 0; path = CarnivoreGolf.app; sourceTree = BUILT_PRODUCTS_DIR; };
		5CFEE2252E6BD98C006C7968 /* CarnivoreGolfTests.xctest */ = {isa = PBXFileReference; explicitFileType = wrapper.cfbundle; includeInIndex = 0; path = CarnivoreGolfTests.xctest; sourceTree = BUILT_PRODUCTS_DIR; };
		5CFEE22F2E6BD98C006C7968 /* CarnivoreGolfUITests.xctest */ = {isa = PBXFileReference; explicitFileType = wrapper.cfbundle; includeInIndex = 0; path = CarnivoreGolfUITests.xctest; sourceTree = BUILT_PRODUCTS_DIR; };
/* End PBXFileReference section */

/* Begin PBXFileSystemSynchronizedRootGroup section */
		5CFEE21A2E6BD98A006C7968 /* CarnivoreGolf */ = {
			isa = PBXFileSystemSynchronizedRootGroup;
			path = CarnivoreGolf;
			sourceTree = "<group>";
		};
		5CFEE2282E6BD98C006C7968 /* CarnivoreGolfTests */ = {
			isa = PBXFileSystemSynchronizedRootGroup;
			path = CarnivoreGolfTests;
			sourceTree = "<group>";
		};
		5CFEE2322E6BD98C006C7968 /* CarnivoreGolfUITests */ = {
			isa = PBXFileSystemSynchronizedRootGroup;
			path = CarnivoreGolfUITests;
			sourceTree = "<group>";
		};
/* End PBXFileSystemSynchronizedRootGroup section */

/* Begin PBXFrameworksBuildPhase section */
		5CFEE2152E6BD98A006C7968 /* Frameworks */ = {
			isa = PBXFrameworksBuildPhase;
			buildActionMask = 2147483647;
			files = (
			);
			runOnlyForDeploymentPostprocessing = 0;
		};
		5CFEE2222E6BD98C006C7968 /* Frameworks */ = {
			isa = PBXFrameworksBuildPhase;
			buildActionMask = 2147483647;
			files = (
			);
			runOnlyForDeploymentPostprocessing = 0;
		};
		5CFEE22C2E6BD98C006C7968 /* Frameworks */ = {
			isa = PBXFrameworksBuildPhase;
			buildActionMask = 2147483647;
			files = (
			);
			runOnlyForDeploymentPostprocessing = 0;
		};
/* End PBXFrameworksBuildPhase section */

/* Begin PBXGroup section */
		5CFEE20F2E6BD98A006C7968 = {
			isa = PBXGroup;
			children = (
				5CFEE21A2E6BD98A006C7968 /* CarnivoreGolf */,
				5CFEE2282E6BD98C006C7968 /* CarnivoreGolfTests */,
				5CFEE2322E6BD98C006C7968 /* CarnivoreGolfUITests */,
				5CFEE2192E6BD98A006C7968 /* Products */,
			);
			sourceTree = "<group>";
		};
		5CFEE2192E6BD98A006C7968 /* Products */ = {
			isa = PBXGroup;
			children = (
				5CFEE2182E6BD98A006C7968 /* CarnivoreGolf.app */,
				5CFEE2252E6BD98C006C7968 /* CarnivoreGolfTests.xctest */,
				5CFEE22F2E6BD98C006C7968 /* CarnivoreGolfUITests.xctest */,
			);
			name = Products;
			sourceTree = "<group>";
		};
/* End PBXGroup section */

/* Begin PBXNativeTarget section */
		5CFEE2172E6BD98A006C7968 /* CarnivoreGolf */ = {
			isa = PBXNativeTarget;
			buildConfigurationList = 5CFEE2392E6BD98C006C7968 /* Build configuration list for PBXNativeTarget "CarnivoreGolf" */;
			buildPhases = (
				5CFEE2142E6BD98A006C7968 /* Sources */,
				5CFEE2152E6BD98A006C7968 /* Frameworks */,
				5CFEE2162E6BD98A006C7968 /* Resources */,
			);
			buildRules = (
			);
			dependencies = (
			);
			fileSystemSynchronizedGroups = (
				5CFEE21A2E6BD98A006C7968 /* CarnivoreGolf */,
			);
			name = CarnivoreGolf;
			packageProductDependencies = (
			);
			productName = CarnivoreGolf;
			productReference = 5CFEE2182E6BD98A006C7968 /* CarnivoreGolf.app */;
			productType = "com.apple.product-type.application";
		};
		5CFEE2242E6BD98C006C7968 /* CarnivoreGolfTests */ = {
			isa = PBXNativeTarget;
			buildConfigurationList = 5CFEE23C2E6BD98C006C7968 /* Build configuration list for PBXNativeTarget "CarnivoreGolfTests" */;
			buildPhases = (
				5CFEE2212E6BD98C006C7968 /* Sources */,
				5CFEE2222E6BD98C006C7968 /* Frameworks */,
				5CFEE2232E6BD98C006C7968 /* Resources */,
			);
			buildRules = (
			);
			dependencies = (
				5CFEE2272E6BD98C006C7968 /* PBXTargetDependency */,
			);
			fileSystemSynchronizedGroups = (
				5CFEE2282E6BD98C006C7968 /* CarnivoreGolfTests */,
			);
			name = CarnivoreGolfTests;
			packageProductDependencies = (
			);
			productName = CarnivoreGolfTests;
			productReference = 5CFEE2252E6BD98C006C7968 /* CarnivoreGolfTests.xctest */;
			productType = "com.apple.product-type.bundle.unit-test";
		};
		5CFEE22E2E6BD98C006C7968 /* CarnivoreGolfUITests */ = {
			isa = PBXNativeTarget;
			buildConfigurationList = 5CFEE23F2E6BD98C006C7968 /* Build configuration list for PBXNativeTarget "CarnivoreGolfUITests" */;
			buildPhases = (
				5CFEE22B2E6BD98C006C7968 /* Sources */,
				5CFEE22C2E6BD98C006C7968 /* Frameworks */,
				5CFEE22D2E6BD98C006C7968 /* Resources */,
			);
			buildRules = (
			);
			dependencies = (
				5CFEE2312E6BD98C006C7968 /* PBXTargetDependency */,
			);
			fileSystemSynchronizedGroups = (
				5CFEE2322E6BD98C006C7968 /* CarnivoreGolfUITests */,
			);
			name = CarnivoreGolfUITests;
			packageProductDependencies = (
			);
			productName = CarnivoreGolfUITests;
			productReference = 5CFEE22F2E6BD98C006C7968 /* CarnivoreGolfUITests.xctest */;
			productType = "com.apple.product-type.bundle.ui-testing";
		};
/* End PBXNativeTarget section */

/* Begin PBXProject section */
		5CFEE2102E6BD98A006C7968 /* Project object */ = {
			isa = PBXProject;
			attributes = {
				BuildIndependentTargetsInParallel = 1;
				LastSwiftUpdateCheck = 1640;
				LastUpgradeCheck = 1640;
				TargetAttributes = {
					5CFEE2172E6BD98A006C7968 = {
						CreatedOnToolsVersion = 16.4;
					};
					5CFEE2242E6BD98C006C7968 = {
						CreatedOnToolsVersion = 16.4;
						TestTargetID = 5CFEE2172E6BD98A006C7968;
					};
					5CFEE22E2E6BD98C006C7968 = {
						CreatedOnToolsVersion = 16.4;
						TestTargetID = 5CFEE2172E6BD98A006C7968;
					};
				};
			};
			buildConfigurationList = 5CFEE2132E6BD98A006C7968 /* Build configuration list for PBXProject "CarnivoreGolf" */;
			developmentRegion = en;
			hasScannedForEncodings = 0;
			knownRegions = (
				en,
				Base,
			);
			mainGroup = 5CFEE20F2E6BD98A006C7968;
			minimizedProjectReferenceProxies = 1;
			preferredProjectObjectVersion = 77;
			productRefGroup = 5CFEE2192E6BD98A006C7968 /* Products */;
			projectDirPath = "";
			projectRoot = "";
			targets = (
				5CFEE2172E6BD98A006C7968 /* CarnivoreGolf */,
				5CFEE2242E6BD98C006C7968 /* CarnivoreGolfTests */,
				5CFEE22E2E6BD98C006C7968 /* CarnivoreGolfUITests */,
			);
		};
/* End PBXProject section */

/* Begin PBXResourcesBuildPhase section */
		5CFEE2162E6BD98A006C7968 /* Resources */ = {
			isa = PBXResourcesBuildPhase;
			buildActionMask = 2147483647;
			files = (
			);
			runOnlyForDeploymentPostprocessing = 0;
		};
		5CFEE2232E6BD98C006C7968 /* Resources */ = {
			isa = PBXResourcesBuildPhase;
			buildActionMask = 2147483647;
			files = (
			);
			runOnlyForDeploymentPostprocessing = 0;
		};
		5CFEE22D2E6BD98C006C7968 /* Resources */ = {
			isa = PBXResourcesBuildPhase;
			buildActionMask = 2147483647;
			files = (
			);
			runOnlyForDeploymentPostprocessing = 0;
		};
/* End PBXResourcesBuildPhase section */

/* Begin PBXSourcesBuildPhase section */
		5CFEE2142E6BD98A006C7968 /* Sources */ = {
			isa = PBXSourcesBuildPhase;
			buildActionMask = 2147483647;
			files = (
			);
			runOnlyForDeploymentPostprocessing = 0;
		};
		5CFEE2212E6BD98C006C7968 /* Sources */ = {
			isa = PBXSourcesBuildPhase;
			buildActionMask = 2147483647;
			files = (
			);
			runOnlyForDeploymentPostprocessing = 0;
		};
		5CFEE22B2E6BD98C006C7968 /* Sources */ = {
			isa = PBXSourcesBuildPhase;
			buildActionMask = 2147483647;
			files = (
			);
			runOnlyForDeploymentPostprocessing = 0;
		};
/* End PBXSourcesBuildPhase section */

/* Begin PBXTargetDependency section */
		5CFEE2272E6BD98C006C7968 /* PBXTargetDependency */ = {
			isa = PBXTargetDependency;
			target = 5CFEE2172E6BD98A006C7968 /* CarnivoreGolf */;
			targetProxy = 5CFEE2262E6BD98C006C7968 /* PBXContainerItemProxy */;
		};
		5CFEE2312E6BD98C006C7968 /* PBXTargetDependency */ = {
			isa = PBXTargetDependency;
			target = 5CFEE2172E6BD98A006C7968 /* CarnivoreGolf */;
			targetProxy = 5CFEE2302E6BD98C006C7968 /* PBXContainerItemProxy */;
		};
/* End PBXTargetDependency section */

/* Begin XCBuildConfiguration section */
		5CFEE2372E6BD98C006C7968 /* Debug */ = {
			isa = XCBuildConfiguration;
			buildSettings = {
				ALWAYS_SEARCH_USER_PATHS = NO;
				ASSETCATALOG_COMPILER_GENERATE_SWIFT_ASSET_SYMBOL_EXTENSIONS = YES;
				CLANG_ANALYZER_NONNULL = YES;
				CLANG_ANALYZER_NUMBER_OBJECT_CONVERSION = YES_AGGRESSIVE;
				CLANG_CXX_LANGUAGE_STANDARD = "gnu++20";
				CLANG_ENABLE_MODULES = YES;
				CLANG_ENABLE_OBJC_ARC = YES;
				CLANG_ENABLE_OBJC_WEAK = YES;
				CLANG_WARN_BLOCK_CAPTURE_AUTORELEASING = YES;
				CLANG_WARN_BOOL_CONVERSION = YES;
				CLANG_WARN_COMMA = YES;
				CLANG_WARN_CONSTANT_CONVERSION = YES;
				CLANG_WARN_DEPRECATED_OBJC_IMPLEMENTATIONS = YES;
				CLANG_WARN_DIRECT_OBJC_ISA_USAGE = YES_ERROR;
				CLANG_WARN_DOCUMENTATION_COMMENTS = YES;
				CLANG_WARN_EMPTY_BODY = YES;
				CLANG_WARN_ENUM_CONVERSION = YES;
				CLANG_WARN_INFINITE_RECURSION = YES;
				CLANG_WARN_INT_CONVERSION = YES;
				CLANG_WARN_NON_LITERAL_NULL_CONVERSION = YES;
				CLANG_WARN_OBJC_IMPLICIT_RETAIN_SELF = YES;
				CLANG_WARN_OBJC_LITERAL_CONVERSION = YES;
				CLANG_WARN_OBJC_ROOT_CLASS = YES_ERROR;
				CLANG_WARN_QUOTED_INCLUDE_IN_FRAMEWORK_HEADER = YES;
				CLANG_WARN_RANGE_LOOP_ANALYSIS = YES;
				CLANG_WARN_STRICT_PROTOTYPES = YES;
				CLANG_WARN_SUSPICIOUS_MOVE = YES;
				CLANG_WARN_UNGUARDED_AVAILABILITY = YES_AGGRESSIVE;
				CLANG_WARN_UNREACHABLE_CODE = YES;
				CLANG_WARN__DUPLICATE_METHOD_MATCH = YES;
				COPY_PHASE_STRIP = NO;
				DEBUG_INFORMATION_FORMAT = dwarf;
				DEVELOPMENT_TEAM = PPLU8J5RDW;
				ENABLE_STRICT_OBJC_MSGSEND = YES;
				ENABLE_TESTABILITY = YES;
				ENABLE_USER_SCRIPT_SANDBOXING = YES;
				GCC_C_LANGUAGE_STANDARD = gnu17;
				GCC_DYNAMIC_NO_PIC = NO;
				GCC_NO_COMMON_BLOCKS = YES;
				GCC_OPTIMIZATION_LEVEL = 0;
				GCC_PREPROCESSOR_DEFINITIONS = (
					"DEBUG=1",
					"$(inherited)",
				);
				GCC_WARN_64_TO_32_BIT_CONVERSION = YES;
				GCC_WARN_ABOUT_RETURN_TYPE = YES_ERROR;
				GCC_WARN_UNDECLARED_SELECTOR = YES;
				GCC_WARN_UNINITIALIZED_AUTOS = YES_AGGRESSIVE;
				GCC_WARN_UNUSED_FUNCTION = YES;
				GCC_WARN_UNUSED_VARIABLE = YES;
				IPHONEOS_DEPLOYMENT_TARGET = 18.5;
				LOCALIZATION_PREFERS_STRING_CATALOGS = YES;
				MTL_ENABLE_DEBUG_INFO = INCLUDE_SOURCE;
				MTL_FAST_MATH = YES;
				ONLY_ACTIVE_ARCH = YES;
				SDKROOT = iphoneos;
				SWIFT_ACTIVE_COMPILATION_CONDITIONS = "DEBUG $(inherited)";
				SWIFT_OPTIMIZATION_LEVEL = "-Onone";
			};
			name = Debug;
		};
		5CFEE2382E6BD98C006C7968 /* Release */ = {
			isa = XCBuildConfiguration;
			buildSettings = {
				ALWAYS_SEARCH_USER_PATHS = NO;
				ASSETCATALOG_COMPILER_GENERATE_SWIFT_ASSET_SYMBOL_EXTENSIONS = YES;
				CLANG_ANALYZER_NONNULL = YES;
				CLANG_ANALYZER_NUMBER_OBJECT_CONVERSION = YES_AGGRESSIVE;
				CLANG_CXX_LANGUAGE_STANDARD = "gnu++20";
				CLANG_ENABLE_MODULES = YES;
				CLANG_ENABLE_OBJC_ARC = YES;
				CLANG_ENABLE_OBJC_WEAK = YES;
				CLANG_WARN_BLOCK_CAPTURE_AUTORELEASING = YES;
				CLANG_WARN_BOOL_CONVERSION = YES;
				CLANG_WARN_COMMA = YES;
				CLANG_WARN_CONSTANT_CONVERSION = YES;
				CLANG_WARN_DEPRECATED_OBJC_IMPLEMENTATIONS = YES;
				CLANG_WARN_DIRECT_OBJC_ISA_USAGE = YES_ERROR;
				CLANG_WARN_DOCUMENTATION_COMMENTS = YES;
				CLANG_WARN_EMPTY_BODY = YES;
				CLANG_WARN_ENUM_CONVERSION = YES;
				CLANG_WARN_INFINITE_RECURSION = YES;
				CLANG_WARN_INT_CONVERSION = YES;
				CLANG_WARN_NON_LITERAL_NULL_CONVERSION = YES;
				CLANG_WARN_OBJC_IMPLICIT_RETAIN_SELF = YES;
				CLANG_WARN_OBJC_LITERAL_CONVERSION = YES;
				CLANG_WARN_OBJC_ROOT_CLASS = YES_ERROR;
				CLANG_WARN_QUOTED_INCLUDE_IN_FRAMEWORK_HEADER = YES;
				CLANG_WARN_RANGE_LOOP_ANALYSIS = YES;
				CLANG_WARN_STRICT_PROTOTYPES = YES;
				CLANG_WARN_SUSPICIOUS_MOVE = YES;
				CLANG_WARN_UNGUARDED_AVAILABILITY = YES_AGGRESSIVE;
				CLANG_WARN_UNREACHABLE_CODE = YES;
				CLANG_WARN__DUPLICATE_METHOD_MATCH = YES;
				COPY_PHASE_STRIP = NO;
				DEBUG_INFORMATION_FORMAT = "dwarf-with-dsym";
				DEVELOPMENT_TEAM = PPLU8J5RDW;
				ENABLE_NS_ASSERTIONS = NO;
				ENABLE_STRICT_OBJC_MSGSEND = YES;
				ENABLE_USER_SCRIPT_SANDBOXING = YES;
				GCC_C_LANGUAGE_STANDARD = gnu17;
				GCC_NO_COMMON_BLOCKS = YES;
				GCC_WARN_64_TO_32_BIT_CONVERSION = YES;
				GCC_WARN_ABOUT_RETURN_TYPE = YES_ERROR;
				GCC_WARN_UNDECLARED_SELECTOR = YES;
				GCC_WARN_UNINITIALIZED_AUTOS = YES_AGGRESSIVE;
				GCC_WARN_UNUSED_FUNCTION = YES;
				GCC_WARN_UNUSED_VARIABLE = YES;
				IPHONEOS_DEPLOYMENT_TARGET = 18.5;
				LOCALIZATION_PREFERS_STRING_CATALOGS = YES;
				MTL_ENABLE_DEBUG_INFO = NO;
				MTL_FAST_MATH = YES;
				SDKROOT = iphoneos;
				SWIFT_COMPILATION_MODE = wholemodule;
				VALIDATE_PRODUCT = YES;
			};
			name = Release;
		};
		5CFEE23A2E6BD98C006C7968 /* Debug */ = {
			isa = XCBuildConfiguration;
			buildSettings = {
				ASSETCATALOG_COMPILER_APPICON_NAME = AppIcon;
				ASSETCATALOG_COMPILER_GLOBAL_ACCENT_COLOR_NAME = AccentColor;
				CODE_SIGN_STYLE = Automatic;
				CURRENT_PROJECT_VERSION = 1;
				DEVELOPMENT_TEAM = PPLU8J5RDW;
				ENABLE_PREVIEWS = YES;
				GENERATE_INFOPLIST_FILE = YES;
				INFOPLIST_KEY_NSCameraUsageDescription = "We use the camera to scan golf scorecards so you can auto-fill scores.";
				INFOPLIST_KEY_UIApplicationSceneManifest_Generation = YES;
				INFOPLIST_KEY_UIApplicationSupportsIndirectInputEvents = YES;
				INFOPLIST_KEY_UILaunchScreen_Generation = YES;
				INFOPLIST_KEY_UISupportedInterfaceOrientations_iPad = "UIInterfaceOrientationPortrait UIInterfaceOrientationPortraitUpsideDown UIInterfaceOrientationLandscapeLeft UIInterfaceOrientationLandscapeRight";
				INFOPLIST_KEY_UISupportedInterfaceOrientations_iPhone = "UIInterfaceOrientationPortrait UIInterfaceOrientationLandscapeLeft UIInterfaceOrientationLandscapeRight";
				LD_RUNPATH_SEARCH_PATHS = (
					"$(inherited)",
					"@executable_path/Frameworks",
				);
				MARKETING_VERSION = 1.0;
				PRODUCT_BUNDLE_IDENTIFIER = KNDL.CarnivoreGolf;
				PRODUCT_NAME = "$(TARGET_NAME)";
				SWIFT_EMIT_LOC_STRINGS = YES;
				SWIFT_VERSION = 5.0;
				TARGETED_DEVICE_FAMILY = "1,2";
			};
			name = Debug;
		};
		5CFEE23B2E6BD98C006C7968 /* Release */ = {
			isa = XCBuildConfiguration;
			buildSettings = {
				ASSETCATALOG_COMPILER_APPICON_NAME = AppIcon;
				ASSETCATALOG_COMPILER_GLOBAL_ACCENT_COLOR_NAME = AccentColor;
				CODE_SIGN_STYLE = Automatic;
				CURRENT_PROJECT_VERSION = 1;
				DEVELOPMENT_TEAM = PPLU8J5RDW;
				ENABLE_PREVIEWS = YES;
				GENERATE_INFOPLIST_FILE = YES;
				INFOPLIST_KEY_NSCameraUsageDescription = "This app uses the camera to scan golf scorecards and automatically detect hole information, making it easier to track your golf scores.";
				INFOPLIST_KEY_UIApplicationSceneManifest_Generation = YES;
				INFOPLIST_KEY_UIApplicationSupportsIndirectInputEvents = YES;
				INFOPLIST_KEY_UILaunchScreen_Generation = YES;
				INFOPLIST_KEY_UISupportedInterfaceOrientations_iPad = "UIInterfaceOrientationPortrait UIInterfaceOrientationPortraitUpsideDown UIInterfaceOrientationLandscapeLeft UIInterfaceOrientationLandscapeRight";
				INFOPLIST_KEY_UISupportedInterfaceOrientations_iPhone = "UIInterfaceOrientationPortrait UIInterfaceOrientationLandscapeLeft UIInterfaceOrientationLandscapeRight";
				LD_RUNPATH_SEARCH_PATHS = (
					"$(inherited)",
					"@executable_path/Frameworks",
				);
				MARKETING_VERSION = 1.0;
				PRODUCT_BUNDLE_IDENTIFIER = KNDL.CarnivoreGolf;
				PRODUCT_NAME = "$(TARGET_NAME)";
				SWIFT_EMIT_LOC_STRINGS = YES;
				SWIFT_VERSION = 5.0;
				TARGETED_DEVICE_FAMILY = "1,2";
			};
			name = Release;
		};
		5CFEE23D2E6BD98C006C7968 /* Debug */ = {
			isa = XCBuildConfiguration;
			buildSettings = {
				BUNDLE_LOADER = "$(TEST_HOST)";
				CODE_SIGN_STYLE = Automatic;
				CURRENT_PROJECT_VERSION = 1;
				DEVELOPMENT_TEAM = PPLU8J5RDW;
				GENERATE_INFOPLIST_FILE = YES;
				IPHONEOS_DEPLOYMENT_TARGET = 18.5;
				MARKETING_VERSION = 1.0;
				PRODUCT_BUNDLE_IDENTIFIER = KNDL.CarnivoreGolfTests;
				PRODUCT_NAME = "$(TARGET_NAME)";
				SWIFT_EMIT_LOC_STRINGS = NO;
				SWIFT_VERSION = 5.0;
				TARGETED_DEVICE_FAMILY = "1,2";
				TEST_HOST = "$(BUILT_PRODUCTS_DIR)/CarnivoreGolf.app/$(BUNDLE_EXECUTABLE_FOLDER_PATH)/CarnivoreGolf";
			};
			name = Debug;
		};
		5CFEE23E2E6BD98C006C7968 /* Release */ = {
			isa = XCBuildConfiguration;
			buildSettings = {
				BUNDLE_LOADER = "$(TEST_HOST)";
				CODE_SIGN_STYLE = Automatic;
				CURRENT_PROJECT_VERSION = 1;
				DEVELOPMENT_TEAM = PPLU8J5RDW;
				GENERATE_INFOPLIST_FILE = YES;
				IPHONEOS_DEPLOYMENT_TARGET = 18.5;
				MARKETING_VERSION = 1.0;
				PRODUCT_BUNDLE_IDENTIFIER = KNDL.CarnivoreGolfTests;
				PRODUCT_NAME = "$(TARGET_NAME)";
				SWIFT_EMIT_LOC_STRINGS = NO;
				SWIFT_VERSION = 5.0;
				TARGETED_DEVICE_FAMILY = "1,2";
				TEST_HOST = "$(BUILT_PRODUCTS_DIR)/CarnivoreGolf.app/$(BUNDLE_EXECUTABLE_FOLDER_PATH)/CarnivoreGolf";
			};
			name = Release;
		};
		5CFEE2402E6BD98C006C7968 /* Debug */ = {
			isa = XCBuildConfiguration;
			buildSettings = {
				CODE_SIGN_STYLE = Automatic;
				CURRENT_PROJECT_VERSION = 1;
				DEVELOPMENT_TEAM = PPLU8J5RDW;
				GENERATE_INFOPLIST_FILE = YES;
				MARKETING_VERSION = 1.0;
				PRODUCT_BUNDLE_IDENTIFIER = KNDL.CarnivoreGolfUITests;
				PRODUCT_NAME = "$(TARGET_NAME)";
				SWIFT_EMIT_LOC_STRINGS = NO;
				SWIFT_VERSION = 5.0;
				TARGETED_DEVICE_FAMILY = "1,2";
				TEST_TARGET_NAME = CarnivoreGolf;
			};
			name = Debug;
		};
		5CFEE2412E6BD98C006C7968 /* Release */ = {
			isa = XCBuildConfiguration;
			buildSettings = {
				CODE_SIGN_STYLE = Automatic;
				CURRENT_PROJECT_VERSION = 1;
				DEVELOPMENT_TEAM = PPLU8J5RDW;
				GENERATE_INFOPLIST_FILE = YES;
				MARKETING_VERSION = 1.0;
				PRODUCT_BUNDLE_IDENTIFIER = KNDL.CarnivoreGolfUITests;
				PRODUCT_NAME = "$(TARGET_NAME)";
				SWIFT_EMIT_LOC_STRINGS = NO;
				SWIFT_VERSION = 5.0;
				TARGETED_DEVICE_FAMILY = "1,2";
				TEST_TARGET_NAME = CarnivoreGolf;
			};
			name = Release;
		};
/* End XCBuildConfiguration section */

/* Begin XCConfigurationList section */
		5CFEE2132E6BD98A006C7968 /* Build configuration list for PBXProject "CarnivoreGolf" */ = {
			isa = XCConfigurationList;
			buildConfigurations = (
				5CFEE2372E6BD98C006C7968 /* Debug */,
				5CFEE2382E6BD98C006C7968 /* Release */,
			);
			defaultConfigurationIsVisible = 0;
			defaultConfigurationName = Release;
		};
		5CFEE2392E6BD98C006C7968 /* Build configuration list for PBXNativeTarget "CarnivoreGolf" */ = {
			isa = XCConfigurationList;
			buildConfigurations = (
				5CFEE23A2E6BD98C006C7968 /* Debug */,
				5CFEE23B2E6BD98C006C7968 /* Release */,
			);
			defaultConfigurationIsVisible = 0;
			defaultConfigurationName = Release;
		};
		5CFEE23C2E6BD98C006C7968 /* Build configuration list for PBXNativeTarget "CarnivoreGolfTests" */ = {
			isa = XCConfigurationList;
			buildConfigurations = (
				5CFEE23D2E6BD98C006C7968 /* Debug */,
				5CFEE23E2E6BD98C006C7968 /* Release */,
			);
			defaultConfigurationIsVisible = 0;
			defaultConfigurationName = Release;
		};
		5CFEE23F2E6BD98C006C7968 /* Build configuration list for PBXNativeTarget "CarnivoreGolfUITests" */ = {
			isa = XCConfigurationList;
			buildConfigurations = (
				5CFEE2402E6BD98C006C7968 /* Debug */,
				5CFEE2412E6BD98C006C7968 /* Release */,
			);
			defaultConfigurationIsVisible = 0;
			defaultConfigurationName = Release;
		};
/* End XCConfigurationList section */
	};
	rootObject = 5CFEE2102E6BD98A006C7968 /* Project object */;
}
